
Microsoft Visual Studio Solution File, Format Version 12.00
# Visual Studio Version 16
VisualStudioVersion = 16.0.31515.178
MinimumVisualStudioVersion = 10.0.40219.1
Project("{9A19103F-16F7-4668-BE54-9A1E7A4F7556}") = "WebApiResource", "WebApiResource.csproj", "{ED3309F8-AF9F-44E0-8B74-A40C9FA9820B}"
EndProject
Global
	GlobalSection(SolutionConfigurationPlatforms) = preSolution
		Debug|Any CPU = Debug|Any CPU
		Release|Any CPU = Release|Any CPU
	EndGlobalSection
	GlobalSection(ProjectConfigurationPlatforms) = postSolution
		{ED3309F8-AF9F-44E0-8B74-A40C9FA9820B}.Debug|Any CPU.ActiveCfg = Debug|Any CPU
		{ED3309F8-AF9F-44E0-8B74-A40C9FA9820B}.Debug|Any CPU.Build.0 = Debug|Any CPU
		{ED3309F8-AF9F-44E0-8B74-A40C9FA9820B}.Release|Any CPU.ActiveCfg = Release|Any CPU
		{ED3309F8-AF9F-44E0-8B74-A40C9FA9820B}.Release|Any CPU.Build.0 = Release|Any CPU
	EndGlobalSection
	GlobalSection(SolutionProperties) = preSolution
		HideSolutionNode = FALSE
	EndGlobalSection
	GlobalSection(ExtensibilityGlobals) = postSolution
		SolutionGuid = {D23421D5-38E0-47DF-B86C-35A21CBA519D}
	EndGlobalSection
EndGlobal
